version = 1
revision = 2
requires-python = ">=3.12"

[[package]]
name = "basedpyright"
version = "1.29.3"
source = { registry = "https://pypi.org/simple" }
dependencies = [
    { name = "nodejs-wheel-binaries" },
]
sdist = { url = "https://files.pythonhosted.org/packages/4d/df/c01f6e4a3e9cf25dd662d6983e4e14c3fa926d3ea4dc37c06e807b16c9b1/basedpyright-1.29.3.tar.gz", hash = "sha256:7ae505e5c52504aa7eedb9c78cbaba9ea08cffcbc49211cf765c626156ce71d1", size = 21962147, upload-time = "2025-06-11T14:37:30.498Z" }
wheels = [
    { url = "https://files.pythonhosted.org/packages/9d/9a/cdf73b4c5049cffa252c716015c27352c9105d0c0cc43d86e38db6d008d4/basedpyright-1.29.3-py3-none-any.whl", hash = "sha256:1acaacaaaf8637a47dd3673997192771a7d6492394d62aa251e02fd3027bc6b2", size = 11476844, upload-time = "2025-06-11T14:37:27.296Z" },
]

[[package]]
name = "nodejs-wheel-binaries"
version = "22.16.0"
source = { registry = "https://pypi.org/simple" }
sdist = { url = "https://files.pythonhosted.org/packages/0f/c6/66f36b7b0d528660dfb4a59cb9b8dd6a3f4c0a3939cd49c404a775ea4a63/nodejs_wheel_binaries-22.16.0.tar.gz", hash = "sha256:d695832f026df3a0cf9a089d222225939de9d1b67f8f0a353b79f015aabbe7e2", size = 8061, upload-time = "2025-05-22T07:27:52.149Z" }
wheels = [
    { url = "https://files.pythonhosted.org/packages/d7/dc/417a5c5f99e53a5d2b3be122506312731eb90fb9630c248e327e2e38cc6b/nodejs_wheel_binaries-22.16.0-py2.py3-none-macosx_11_0_arm64.whl", hash = "sha256:986b715a96ed703f8ce0c15712f76fc42895cf09067d72b6ef29e8b334eccf64", size = 50957501, upload-time = "2025-05-22T07:27:20.132Z" },
    { url = "https://files.pythonhosted.org/packages/0e/dd/d6ce48209ed15f5d1fccb29eeaa111f962557123eaf4fd03a7316c42734c/nodejs_wheel_binaries-22.16.0-py2.py3-none-macosx_11_0_x86_64.whl", hash = "sha256:4ae3cf22138891cb44c3ee952862a257ce082b098b29024d7175684a9a77b0c0", size = 51891634, upload-time = "2025-05-22T07:27:24.029Z" },
    { url = "https://files.pythonhosted.org/packages/80/fa/a07e622fd87717eec3e5cff41575f85ad62717e8698884d28ca809266ca1/nodejs_wheel_binaries-22.16.0-py2.py3-none-manylinux_2_17_aarch64.manylinux2014_aarch64.whl", hash = "sha256:71f2de4dc0b64ae43e146897ce811f80ac4f9acfbae6ccf814226282bf4ef174", size = 57857862, upload-time = "2025-05-22T07:27:27.933Z" },
    { url = "https://files.pythonhosted.org/packages/1f/80/52736f9570a93f8e6b7942981dc9770eca2bc7aa1d200c1d54198374a6ca/nodejs_wheel_binaries-22.16.0-py2.py3-none-manylinux_2_17_x86_64.manylinux2014_x86_64.whl", hash = "sha256:dbfccbcd558d2f142ccf66d8c3a098022bf4436db9525b5b8d32169ce185d99e", size = 58395868, upload-time = "2025-05-22T07:27:32.088Z" },
    { url = "https://files.pythonhosted.org/packages/0f/0e/53616a5ed8fc1fbe9e48bf132862da5a9abf5cc7f8483dab1722ec257187/nodejs_wheel_binaries-22.16.0-py2.py3-none-musllinux_1_2_aarch64.whl", hash = "sha256:447ad796850eb52ca20356ad39b2d296ed8fef3f214921f84a1ccdad49f2eba1", size = 59712469, upload-time = "2025-05-22T07:27:37.193Z" },
    { url = "https://files.pythonhosted.org/packages/4a/cd/e2b5083df581fc1d08eb93feb6f8fbd3d56b113cef9b59d8e0fb7d4dd4f3/nodejs_wheel_binaries-22.16.0-py2.py3-none-musllinux_1_2_x86_64.whl", hash = "sha256:7f526ca6a132b0caf633566a2a78c6985fe92857e7bfdb37380f76205a10b808", size = 60763005, upload-time = "2025-05-22T07:27:41.39Z" },
    { url = "https://files.pythonhosted.org/packages/71/8d/57112b49214e8bd636f3cc3386eba6be4d23552ec8a0f6efbe814013caa7/nodejs_wheel_binaries-22.16.0-py2.py3-none-win_amd64.whl", hash = "sha256:2fffb4bf1066fb5f660da20819d754f1b424bca1b234ba0f4fa901c52e3975fb", size = 41313324, upload-time = "2025-05-22T07:27:45.293Z" },
    { url = "https://files.pythonhosted.org/packages/91/03/a852711aec73dfb965844592dfe226024c0da28e37d1ee54083342e38f57/nodejs_wheel_binaries-22.16.0-py2.py3-none-win_arm64.whl", hash = "sha256:2728972d336d436d39ee45988978d8b5d963509e06f063e80fe41b203ee80b28", size = 38828154, upload-time = "2025-05-22T07:27:48.606Z" },
]

[[package]]
name = "python"
version = "0.1.0"
source = { virtual = "." }

[package.dev-dependencies]
dev = [
    { name = "basedpyright" },
]

[package.metadata]

[package.metadata.requires-dev]
dev = [{ name = "basedpyright", specifier = ">=1.29.3" }]
